{
  "requires": true,
  "lockfileVersion": 1,
  "dependencies": {
    "@ckeditor/ckeditor5-adapter-ckfinder": {
      "version": "27.0.0",
      "resolved": "https://registry.npmjs.org/@ckeditor/ckeditor5-adapter-ckfinder/-/ckeditor5-adapter-ckfinder-27.0.0.tgz",
      "integrity": "sha512-2JzedLntHRw2ChQ54tB9pk1XFH4VzFPJLMJXhE3CP2+ANiIKZZTHodcQ7R2BOosIpySQOEppjfi1emZ6AgcLRg==",
      "requires": {
        "ckeditor5": "^27.0.0"
      }
    },
    "@ckeditor/ckeditor5-autoformat": {
      "version": "27.0.0",
      "resolved": "https://registry.npmjs.org/@ckeditor/ckeditor5-autoformat/-/ckeditor5-autoformat-27.0.0.tgz",
      "integrity": "sha512-SirBT1Reu2I9yXSLrcL4IZDecux0pNLfYdZVfz1PIXr99LOYvF1iqyWdo0dLEj5xEGf77OPoiIIhnOQJA8fZzA==",
      "requires": {
        "ckeditor5": "^27.0.0"
      }
    },
    "@ckeditor/ckeditor5-basic-styles": {
      "version": "27.0.0",
      "resolved": "https://registry.npmjs.org/@ckeditor/ckeditor5-basic-styles/-/ckeditor5-basic-styles-27.0.0.tgz",
      "integrity": "sha512-idmD5huRKDFRe1ToyIj5RrnVde00fnEteyVnUWLZPYZr+Y2aye1KFWthmycqKIdNhCXy60ydnhXjy0tVuwHlmw==",
      "requires": {
        "ckeditor5": "^27.0.0"
      }
    },
    "@ckeditor/ckeditor5-block-quote": {
      "version": "27.0.0",
      "resolved": "https://registry.npmjs.org/@ckeditor/ckeditor5-block-quote/-/ckeditor5-block-quote-27.0.0.tgz",
      "integrity": "sha512-sUSkhEnKDeAjB8EXvrt3zI+pYdnUg228t2Uoe6A0VCeaSynHn+YF9bHL8XSdEMaD1UdDcdRhtNhJL+d+cEdOqA==",
      "requires": {
        "ckeditor5": "^27.0.0"
      }
    },
    "@ckeditor/ckeditor5-build-classic": {
      "version": "27.0.0",
      "resolved": "https://registry.npmjs.org/@ckeditor/ckeditor5-build-classic/-/ckeditor5-build-classic-27.0.0.tgz",
      "integrity": "sha512-ghqgz/wyvyjN/NwYes7onnxo/N8rsutzTbSXJRdxxDxycH3DYUNMQsDj4ehf0ACp8RkpVDLekybxsyx3gSk3Ww==",
      "requires": {
        "@ckeditor/ckeditor5-adapter-ckfinder": "^27.0.0",
        "@ckeditor/ckeditor5-autoformat": "^27.0.0",
        "@ckeditor/ckeditor5-basic-styles": "^27.0.0",
        "@ckeditor/ckeditor5-block-quote": "^27.0.0",
        "@ckeditor/ckeditor5-ckfinder": "^27.0.0",
        "@ckeditor/ckeditor5-cloud-services": "^27.0.0",
        "@ckeditor/ckeditor5-easy-image": "^27.0.0",
        "@ckeditor/ckeditor5-editor-classic": "^27.0.0",
        "@ckeditor/ckeditor5-essentials": "^27.0.0",
        "@ckeditor/ckeditor5-heading": "^27.0.0",
        "@ckeditor/ckeditor5-image": "^27.0.0",
        "@ckeditor/ckeditor5-indent": "^27.0.0",
        "@ckeditor/ckeditor5-link": "^27.0.0",
        "@ckeditor/ckeditor5-list": "^27.0.0",
        "@ckeditor/ckeditor5-media-embed": "^27.0.0",
        "@ckeditor/ckeditor5-paragraph": "^27.0.0",
        "@ckeditor/ckeditor5-paste-from-office": "^27.0.0",
        "@ckeditor/ckeditor5-table": "^27.0.0",
        "@ckeditor/ckeditor5-typing": "^27.0.0"
      }
    },
    "@ckeditor/ckeditor5-ckfinder": {
      "version": "27.0.0",
      "resolved": "https://registry.npmjs.org/@ckeditor/ckeditor5-ckfinder/-/ckeditor5-ckfinder-27.0.0.tgz",
      "integrity": "sha512-TyuMYTUv4eiy5dbaxChgn3kaptZWFlnTWOx3CIUPcpURt+h40HFRSANfmOPeKag4COXJaF/0MnmRe/QPJvaNbw==",
      "requires": {
        "ckeditor5": "^27.0.0"
      }
    },
    "@ckeditor/ckeditor5-clipboard": {
      "version": "27.0.0",
      "resolved": "https://registry.npmjs.org/@ckeditor/ckeditor5-clipboard/-/ckeditor5-clipboard-27.0.0.tgz",
      "integrity": "sha512-oNLLjPWFoTIqdf6BOtKBDu0qUQiIia5TM6acxi5DKx5YdXnwg1GozxYa4x590EhUVIDFe6i0JuZbkALQ2tBI5g==",
      "requires": {
        "@ckeditor/ckeditor5-core": "^27.0.0",
        "@ckeditor/ckeditor5-engine": "^27.0.0",
        "@ckeditor/ckeditor5-utils": "^27.0.0",
        "@ckeditor/ckeditor5-widget": "^27.0.0",
        "lodash-es": "^4.17.11"
      }
    },
    "@ckeditor/ckeditor5-cloud-services": {
      "version": "27.0.0",
      "resolved": "https://registry.npmjs.org/@ckeditor/ckeditor5-cloud-services/-/ckeditor5-cloud-services-27.0.0.tgz",
      "integrity": "sha512-IXc8rOAZoITNyl5c46M9/eVusKQYWXsFojxBvI9WlpxtxIRhXCge2grDyEg/rOeLBt8eJxJxIkuNDbwqMXcAKA==",
      "requires": {
        "ckeditor5": "^27.0.0"
      }
    },
    "@ckeditor/ckeditor5-core": {
      "version": "27.0.0",
      "resolved": "https://registry.npmjs.org/@ckeditor/ckeditor5-core/-/ckeditor5-core-27.0.0.tgz",
      "integrity": "sha512-0dtV2eREe3mh1vqG8x4cIYCwFthzA5aOvRdaIQSj6T6JuBR9lO2IiniOpR0CAsiIgpAM9vmggah+Knngbe2gEA==",
      "requires": {
        "@ckeditor/ckeditor5-engine": "^27.0.0",
        "@ckeditor/ckeditor5-ui": "^27.0.0",
        "@ckeditor/ckeditor5-utils": "^27.0.0",
        "lodash-es": "^4.17.15"
      }
    },
    "@ckeditor/ckeditor5-easy-image": {
      "version": "27.0.0",
      "resolved": "https://registry.npmjs.org/@ckeditor/ckeditor5-easy-image/-/ckeditor5-easy-image-27.0.0.tgz",
      "integrity": "sha512-RqPJI5pkqaSgDcSCEm47eokteTgniLZFD4j/Y7F7v5tTvUoinn5LaKGv8DttquA4OPiF9kq2h3ZadqRGTpUuYQ==",
      "requires": {
        "ckeditor5": "^27.0.0"
      }
    },
    "@ckeditor/ckeditor5-editor-classic": {
      "version": "27.0.0",
      "resolved": "https://registry.npmjs.org/@ckeditor/ckeditor5-editor-classic/-/ckeditor5-editor-classic-27.0.0.tgz",
      "integrity": "sha512-guRK+sxFTpkh3XPTk38V9+6dQ784soOExCZW80G6TKlfBM8aJoWsuRiENgZ11eZ8f4OKlhVHuAH5ivoxCB7BOA==",
      "requires": {
        "ckeditor5": "^27.0.0",
        "lodash-es": "^4.17.15"
      }
    },
    "@ckeditor/ckeditor5-engine": {
      "version": "27.0.0",
      "resolved": "https://registry.npmjs.org/@ckeditor/ckeditor5-engine/-/ckeditor5-engine-27.0.0.tgz",
      "integrity": "sha512-pOOf155t4HY9PFqZbXcEZf/M/foDze6ht60v9QNfBXQ62JNFCbfVm3R8EeFvJ7eQ1xuONx1CmvNbw3he/Ow2IQ==",
      "requires": {
        "@ckeditor/ckeditor5-utils": "^27.0.0",
        "lodash-es": "^4.17.15"
      }
    },
    "@ckeditor/ckeditor5-enter": {
      "version": "27.0.0",
      "resolved": "https://registry.npmjs.org/@ckeditor/ckeditor5-enter/-/ckeditor5-enter-27.0.0.tgz",
      "integrity": "sha512-SBfztQEvtpWBf9JZ51ERwjiHBjGfVosOzyMIxLz010HXwswuuPY9NA2nLkYf534Vyu4Y4iPhMv5lgy80XyP/TQ==",
      "requires": {
        "@ckeditor/ckeditor5-core": "^27.0.0",
        "@ckeditor/ckeditor5-engine": "^27.0.0",
        "@ckeditor/ckeditor5-utils": "^27.0.0"
      }
    },
    "@ckeditor/ckeditor5-essentials": {
      "version": "27.0.0",
      "resolved": "https://registry.npmjs.org/@ckeditor/ckeditor5-essentials/-/ckeditor5-essentials-27.0.0.tgz",
      "integrity": "sha512-yKHiPrCq9t1KysPIoHgth84jYpI4eAeNPrW87/Maauve/Vxir4JyYAwK6hfO6yNmty6h0LAu4M06orABDMh9DA==",
      "requires": {
        "ckeditor5": "^27.0.0"
      }
    },
    "@ckeditor/ckeditor5-heading": {
      "version": "27.0.0",
      "resolved": "https://registry.npmjs.org/@ckeditor/ckeditor5-heading/-/ckeditor5-heading-27.0.0.tgz",
      "integrity": "sha512-f+tIYVc05GxM4Y4FIt6NicvkMpF3pfMCnEksYN2A5eir9p7Tpfn5yvgcdDyCBpD69WoHP9IPQNYuqbfVp/7jMA==",
      "requires": {
        "ckeditor5": "^27.0.0"
      }
    },
    "@ckeditor/ckeditor5-image": {
      "version": "27.0.0",
      "resolved": "https://registry.npmjs.org/@ckeditor/ckeditor5-image/-/ckeditor5-image-27.0.0.tgz",
      "integrity": "sha512-N/t/UrGl4eFIpbgtzGIzZDDl1HDBWYpDRFrpieR34QH2A4ZHCN6pO2688pXQlWVfcIacFmJeaNwE0hj/6TZb2g==",
      "requires": {
        "@ckeditor/ckeditor5-ui": "^27.0.0",
        "ckeditor5": "^27.0.0"
      }
    },
    "@ckeditor/ckeditor5-indent": {
      "version": "27.0.0",
      "resolved": "https://registry.npmjs.org/@ckeditor/ckeditor5-indent/-/ckeditor5-indent-27.0.0.tgz",
      "integrity": "sha512-JKfuLis9zstH+w5tNbYrDe/4nOjZJOgzjjlrlHFLy4pk8I9trDS0mUga89FB9gGL/dBJvmmTU2s5skHlzHJLNA==",
      "requires": {
        "ckeditor5": "^27.0.0"
      }
    },
    "@ckeditor/ckeditor5-link": {
      "version": "27.0.0",
      "resolved": "https://registry.npmjs.org/@ckeditor/ckeditor5-link/-/ckeditor5-link-27.0.0.tgz",
      "integrity": "sha512-KK9aRG0bjUGRc1sf5PA7j5xD19Gcr/miA2Zwv/SSNq35sJhPoHchfK9t+BOEZvJU/wY53IeUPcf4M6yZ2J6KLw==",
      "requires": {
        "@ckeditor/ckeditor5-ui": "^27.0.0",
        "ckeditor5": "^27.0.0",
        "lodash-es": "^4.17.15"
      }
    },
    "@ckeditor/ckeditor5-list": {
      "version": "27.0.0",
      "resolved": "https://registry.npmjs.org/@ckeditor/ckeditor5-list/-/ckeditor5-list-27.0.0.tgz",
      "integrity": "sha512-mIU06LeVahGhQ93wYKwEZcxA+YP8a/OzA3hDBwluqR+9hWGPSttDeD0t+JDaX4HCefVj0f9BvZvkWwRBZeB4nw==",
      "requires": {
        "ckeditor5": "^27.0.0"
      }
    },
    "@ckeditor/ckeditor5-media-embed": {
      "version": "27.0.0",
      "resolved": "https://registry.npmjs.org/@ckeditor/ckeditor5-media-embed/-/ckeditor5-media-embed-27.0.0.tgz",
      "integrity": "sha512-j1W0qKy/+v4E33z8nZgcAtBiftvxNQUWU9VlaJODNbX+qGV4ZucLHeA1FOzV3AQlwrZGcN7+mDQ91uuM5GUHcw==",
      "requires": {
        "@ckeditor/ckeditor5-ui": "^27.0.0",
        "ckeditor5": "^27.0.0"
      }
    },
    "@ckeditor/ckeditor5-paragraph": {
      "version": "27.0.0",
      "resolved": "https://registry.npmjs.org/@ckeditor/ckeditor5-paragraph/-/ckeditor5-paragraph-27.0.0.tgz",
      "integrity": "sha512-CzPSzYed4Hx7R7y8jXcaNUX0ZR8vAdPI3bNG625HaL084gA09cfLjprAEIRVXfFFYMRTUNMUrZesKCIhVS3E4w==",
      "requires": {
        "@ckeditor/ckeditor5-core": "^27.0.0",
        "@ckeditor/ckeditor5-ui": "^27.0.0",
        "@ckeditor/ckeditor5-utils": "^27.0.0"
      }
    },
    "@ckeditor/ckeditor5-paste-from-office": {
      "version": "27.0.0",
      "resolved": "https://registry.npmjs.org/@ckeditor/ckeditor5-paste-from-office/-/ckeditor5-paste-from-office-27.0.0.tgz",
      "integrity": "sha512-ywvw9pJiLd3aYbnu/vPwmet9/dPa8B7kRljoxz9CiHBf/qN3QMXMd1vAtuVxN2ZtV4HIe36Opw4zINMcz7jiRQ==",
      "requires": {
        "ckeditor5": "^27.0.0"
      }
    },
    "@ckeditor/ckeditor5-select-all": {
      "version": "27.0.0",
      "resolved": "https://registry.npmjs.org/@ckeditor/ckeditor5-select-all/-/ckeditor5-select-all-27.0.0.tgz",
      "integrity": "sha512-JhWQMZYX96sJcqBt1qf7nLUn1IPEgKgffXKeiwwtTlgcQJeMrWMEkolybtlff0bedk+yqzzDlm9MHPUiFZNyiw==",
      "requires": {
        "@ckeditor/ckeditor5-core": "^27.0.0",
        "@ckeditor/ckeditor5-ui": "^27.0.0",
        "@ckeditor/ckeditor5-utils": "^27.0.0"
      }
    },
    "@ckeditor/ckeditor5-table": {
      "version": "27.0.0",
      "resolved": "https://registry.npmjs.org/@ckeditor/ckeditor5-table/-/ckeditor5-table-27.0.0.tgz",
      "integrity": "sha512-SM1hStls9vi72WYY2Dm6uP7h5Vbf2M42WtaY7ez2Pwp3+LhGDeBECE2nH9ZovWOiZIsGluV7d0v1WwdZBzr/rg==",
      "requires": {
        "ckeditor5": "^27.0.0",
        "lodash-es": "^4.17.15"
      }
    },
    "@ckeditor/ckeditor5-typing": {
      "version": "27.0.0",
      "resolved": "https://registry.npmjs.org/@ckeditor/ckeditor5-typing/-/ckeditor5-typing-27.0.0.tgz",
      "integrity": "sha512-VKM2eC0eINqpOSz8k6G9Qu0xwCUnhFaYyT9tG64XRifQSGm0+ED4ygkI0o++cwERYYXB8kLKMloC2rHNK9HnQQ==",
      "requires": {
        "@ckeditor/ckeditor5-core": "^27.0.0",
        "@ckeditor/ckeditor5-engine": "^27.0.0",
        "@ckeditor/ckeditor5-utils": "^27.0.0",
        "lodash-es": "^4.17.15"
      }
    },
    "@ckeditor/ckeditor5-ui": {
      "version": "27.0.0",
      "resolved": "https://registry.npmjs.org/@ckeditor/ckeditor5-ui/-/ckeditor5-ui-27.0.0.tgz",
      "integrity": "sha512-r+29zRUSBMEBUDRAN+rAxi/xPLxozEj9gLUHSvU0+uTiungq0X/hLj676J+JrIohiDe/DcuvZ/OwDi4n6v8i+g==",
      "requires": {
        "@ckeditor/ckeditor5-utils": "^27.0.0",
        "ckeditor5": "^27.0.0",
        "lodash-es": "^4.17.15"
      }
    },
    "@ckeditor/ckeditor5-undo": {
      "version": "27.0.0",
      "resolved": "https://registry.npmjs.org/@ckeditor/ckeditor5-undo/-/ckeditor5-undo-27.0.0.tgz",
      "integrity": "sha512-FLe6MnC5j0L1BQIrRa4gob8W8GxUXQ8uMG+DvLik07TpaU5PXb/CzUIJz7vZgxhbj7tKd8L9AmfcGza9g0S3kA==",
      "requires": {
        "@ckeditor/ckeditor5-core": "^27.0.0",
        "@ckeditor/ckeditor5-engine": "^27.0.0",
        "@ckeditor/ckeditor5-ui": "^27.0.0"
      }
    },
    "@ckeditor/ckeditor5-upload": {
      "version": "27.0.0",
      "resolved": "https://registry.npmjs.org/@ckeditor/ckeditor5-upload/-/ckeditor5-upload-27.0.0.tgz",
      "integrity": "sha512-ZlUpnK2jnMpcjYOz+TFsYQRG5WzXRjGgmsXDNG5gi0mCVwUovErvVFqzEHlXQR1TpKIsxgf5I0uPKPzMXpDOfg==",
      "requires": {
        "@ckeditor/ckeditor5-core": "^27.0.0",
        "@ckeditor/ckeditor5-ui": "^27.0.0",
        "@ckeditor/ckeditor5-utils": "^27.0.0"
      }
    },
    "@ckeditor/ckeditor5-utils": {
      "version": "27.0.0",
      "resolved": "https://registry.npmjs.org/@ckeditor/ckeditor5-utils/-/ckeditor5-utils-27.0.0.tgz",
      "integrity": "sha512-GYscRP6M73og0DRASbUmelL6SHP77F7XaoI3rZrHIXA+ykOp83v9b6I/5CiJdSvB8t/oHVq/ZoJ6s6CrkVFMEQ==",
      "requires": {
        "lodash-es": "^4.17.15"
      }
    },
    "@ckeditor/ckeditor5-widget": {
      "version": "27.0.0",
      "resolved": "https://registry.npmjs.org/@ckeditor/ckeditor5-widget/-/ckeditor5-widget-27.0.0.tgz",
      "integrity": "sha512-kgu7EKO7jC4L27etNlbBpk76CKSZJqD9BgST0el+bPvF/cITItSOCVQttKgW/6peu0ROL6dWPjAhnLBjxNi3oA==",
      "requires": {
        "@ckeditor/ckeditor5-core": "^27.0.0",
        "@ckeditor/ckeditor5-engine": "^27.0.0",
        "@ckeditor/ckeditor5-enter": "^27.0.0",
        "@ckeditor/ckeditor5-typing": "^27.0.0",
        "@ckeditor/ckeditor5-ui": "^27.0.0",
        "@ckeditor/ckeditor5-utils": "^27.0.0",
        "lodash-es": "^4.17.15"
      }
    },
    "ckeditor5": {
      "version": "27.0.0",
      "resolved": "https://registry.npmjs.org/ckeditor5/-/ckeditor5-27.0.0.tgz",
      "integrity": "sha512-KjAjA/K5sNZ2UOaD3qxYiEv23TUdsZdNgDSMUiMjaFNv7bkoPZ4p8fEM4squzzB6VupLSjDw31WmTPF7Sf0KrA==",
      "requires": {
        "@ckeditor/ckeditor5-clipboard": "^27.0.0",
        "@ckeditor/ckeditor5-core": "^27.0.0",
        "@ckeditor/ckeditor5-engine": "^27.0.0",
        "@ckeditor/ckeditor5-enter": "^27.0.0",
        "@ckeditor/ckeditor5-paragraph": "^27.0.0",
        "@ckeditor/ckeditor5-select-all": "^27.0.0",
        "@ckeditor/ckeditor5-typing": "^27.0.0",
        "@ckeditor/ckeditor5-ui": "^27.0.0",
        "@ckeditor/ckeditor5-undo": "^27.0.0",
        "@ckeditor/ckeditor5-upload": "^27.0.0",
        "@ckeditor/ckeditor5-utils": "^27.0.0",
        "@ckeditor/ckeditor5-widget": "^27.0.0"
      }
    },
    "lodash-es": {
      "version": "4.17.21",
      "resolved": "https://registry.npmjs.org/lodash-es/-/lodash-es-4.17.21.tgz",
      "integrity": "sha512-mKnC+QJ9pWVzv+C4/U3rRsHapFfHvQFoFB92e52xeyGMcX6/OlIl78je1u8vePzYZSkkogMPJ2yjxxsb89cxyw=="
    }
  }
}
